
Microsoft Visual Studio Solution File, Format Version 12.00
# Visual Studio 2012
Project("{8BC9CEB8-8B4A-11D0-8D11-00A0C91BC942}") = "libcrunch", "libcrunch\libcrunch.vcxproj", "{90C03692-49FF-4B02-9884-36670C0671F5}"
EndProject
Project("{8BC9CEB8-8B4A-11D0-8D11-00A0C91BC942}") = "crunch", "crunch\crunch.vcxproj", "{75AD52C6-8CF4-4B97-852A-A337AFF26708}"
	ProjectSection(ProjectDependencies) = postProject
		{90C03692-49FF-4B02-9884-36670C0671F5} = {90C03692-49FF-4B02-9884-36670C0671F5}
	EndProjectSection
EndProject
Project("{8BC9CEB8-8B4A-11D0-8D11-00A0C91BC942}") = "crunchMake", "crunchMake\crunchMake.vcxproj", "{5BACE0F4-F61D-4EB3-ABB3-2F20A06EAC9D}"
	ProjectSection(ProjectDependencies) = postProject
		{90C03692-49FF-4B02-9884-36670C0671F5} = {90C03692-49FF-4B02-9884-36670C0671F5}
	EndProjectSection
EndProject
Global
	GlobalSection(SolutionConfigurationPlatforms) = preSolution
		Debug|Win32 = Debug|Win32
		Release|Win32 = Release|Win32
	EndGlobalSection
	GlobalSection(ProjectConfigurationPlatforms) = postSolution
		{90C03692-49FF-4B02-9884-36670C0671F5}.Debug|Win32.ActiveCfg = Debug|Win32
		{90C03692-49FF-4B02-9884-36670C0671F5}.Debug|Win32.Build.0 = Debug|Win32
		{90C03692-49FF-4B02-9884-36670C0671F5}.Release|Win32.ActiveCfg = Release|Win32
		{90C03692-49FF-4B02-9884-36670C0671F5}.Release|Win32.Build.0 = Release|Win32
		{75AD52C6-8CF4-4B97-852A-A337AFF26708}.Debug|Win32.ActiveCfg = Debug|Win32
		{75AD52C6-8CF4-4B97-852A-A337AFF26708}.Debug|Win32.Build.0 = Debug|Win32
		{75AD52C6-8CF4-4B97-852A-A337AFF26708}.Release|Win32.ActiveCfg = Release|Win32
		{75AD52C6-8CF4-4B97-852A-A337AFF26708}.Release|Win32.Build.0 = Release|Win32
		{5BACE0F4-F61D-4EB3-ABB3-2F20A06EAC9D}.Debug|Win32.ActiveCfg = Debug|Win32
		{5BACE0F4-F61D-4EB3-ABB3-2F20A06EAC9D}.Debug|Win32.Build.0 = Debug|Win32
		{5BACE0F4-F61D-4EB3-ABB3-2F20A06EAC9D}.Release|Win32.ActiveCfg = Release|Win32
		{5BACE0F4-F61D-4EB3-ABB3-2F20A06EAC9D}.Release|Win32.Build.0 = Release|Win32
	EndGlobalSection
	GlobalSection(SolutionProperties) = preSolution
		HideSolutionNode = FALSE
	EndGlobalSection
EndGlobal
